<Solution>
  <Folder Name="/backend/">
    <Project Path="backend/Kairon.Backend.csproj" />
  </Folder>
  <Folder Name="/desktop/">
    <Project Path="desktop/Kairon.Desktop/Kairon.Desktop.csproj" />
  </Folder>
  <Folder Name="/sdk/">
    <Project Path="sdk/Kairon.SDK/Kairon.SDK.csproj" />
  </Folder>
  <Folder Name="/demo/">
    <Project Path="demo/Kairon.DemoApp/Kairon.DemoApp.csproj" />
  </Folder>
  <Folder Name="/agent/">
    <Project Path="agent/Kairon.Agent/Kairon.Agent.csproj" />
    <Project Path="agent/Kairon.UserAgent/Kairon.UserAgent.csproj" />
  </Folder>
  <Folder Name="/tests/">
    <Project Path="tests/Kairon.Backend.Tests/Kairon.Backend.Tests.csproj" />
    <Project Path="tests/Kairon.SDK.Tests/Kairon.SDK.Tests.csproj" />
    <Project Path="tests/Kairon.Agent.Tests/Kairon.Agent.Tests.csproj" />
    <Project Path="tests/Kairon.UserAgent.Tests/Kairon.UserAgent.Tests.csproj" />
  </Folder>
</Solution>
